
Microsoft Visual Studio Solution File, Format Version 12.00
# Visual Studio Version 17
VisualStudioVersion = 17.12.35527.113 d17.12
MinimumVisualStudioVersion = 10.0.40219.1
Project("{FAE04EC0-301F-11D3-BF4B-00C04F79EFBC}") = "ConsoleApp5", "ConsoleApp5\ConsoleApp5.csproj", "{06093450-FB75-49D8-8799-0397F0D74244}"
EndProject
Project("{FAE04EC0-301F-11D3-BF4B-00C04F79EFBC}") = "Common", "Command\Common.csproj", "{40FD9100-6CEB-495C-B49B-A4D3A23DC2E9}"
EndProject
Project("{FAE04EC0-301F-11D3-BF4B-00C04F79EFBC}") = "A5", "A5\A5.csproj", "{1BCD55E4-D3CD-43BE-A448-2A8F380BCC28}"
EndProject
Global
	GlobalSection(SolutionConfigurationPlatforms) = preSolution
		Debug|Any CPU = Debug|Any CPU
		Release|Any CPU = Release|Any CPU
	EndGlobalSection
	GlobalSection(ProjectConfigurationPlatforms) = postSolution
		{06093450-FB75-49D8-8799-0397F0D74244}.Debug|Any CPU.ActiveCfg = Debug|Any CPU
		{06093450-FB75-49D8-8799-0397F0D74244}.Debug|Any CPU.Build.0 = Debug|Any CPU
		{06093450-FB75-49D8-8799-0397F0D74244}.Release|Any CPU.ActiveCfg = Release|Any CPU
		{06093450-FB75-49D8-8799-0397F0D74244}.Release|Any CPU.Build.0 = Release|Any CPU
		{40FD9100-6CEB-495C-B49B-A4D3A23DC2E9}.Debug|Any CPU.ActiveCfg = Debug|Any CPU
		{40FD9100-6CEB-495C-B49B-A4D3A23DC2E9}.Debug|Any CPU.Build.0 = Debug|Any CPU
		{40FD9100-6CEB-495C-B49B-A4D3A23DC2E9}.Release|Any CPU.ActiveCfg = Release|Any CPU
		{40FD9100-6CEB-495C-B49B-A4D3A23DC2E9}.Release|Any CPU.Build.0 = Release|Any CPU
		{1BCD55E4-D3CD-43BE-A448-2A8F380BCC28}.Debug|Any CPU.ActiveCfg = Debug|Any CPU
		{1BCD55E4-D3CD-43BE-A448-2A8F380BCC28}.Debug|Any CPU.Build.0 = Debug|Any CPU
		{1BCD55E4-D3CD-43BE-A448-2A8F380BCC28}.Release|Any CPU.ActiveCfg = Release|Any CPU
		{1BCD55E4-D3CD-43BE-A448-2A8F380BCC28}.Release|Any CPU.Build.0 = Release|Any CPU
	EndGlobalSection
	GlobalSection(SolutionProperties) = preSolution
		HideSolutionNode = FALSE
	EndGlobalSection
EndGlobal
